<?xml version="1.0" encoding="utf-8"?>
<Project ToolsVersion="4.0" xmlns="http://schemas.microsoft.com/developer/msbuild/2003">
  <ItemGroup>
    <Filter Include="Source Files">
      <UniqueIdentifier>{4FC737F1-C7A5-4376-A066-2A32D752A2FF}</UniqueIdentifier>
      <Extensions>cpp;c;cc;cxx;c++;cppm;ixx;def;odl;idl;hpj;bat;asm;asmx</Extensions>
    </Filter>
    <Filter Include="Header Files">
      <UniqueIdentifier>{93995380-89BD-4b04-88EB-625FBE52EBFB}</UniqueIdentifier>
      <Extensions>h;hh;hpp;hxx;h++;hm;inl;inc;ipp;xsd</Extensions>
    </Filter>
    <Filter Include="Resource Files">
      <UniqueIdentifier>{67DA6AB6-F800-4c08-8B7A-83BB121AAD01}</UniqueIdentifier>
      <Extensions>rc;ico;cur;bmp;dlg;rc2;rct;bin;rgs;gif;jpg;jpeg;jpe;resx;tiff;tif;png;wav;mfcribbon-ms</Extensions>
    </Filter>
    <Filter Include="Submodules">
      <UniqueIdentifier>{728df45c-232e-45fb-a74d-30afeec6a6d1}</UniqueIdentifier>
    </Filter>
    <Filter Include="Submodules\olcPixelGameEngine">
      <UniqueIdentifier>{f05ac963-0b33-4599-8d01-ff6c07073ffc}</UniqueIdentifier>
    </Filter>
    <Filter Include="Submodules\imgui_md">
      <UniqueIdentifier>{e62d5fb9-ff9f-4f0d-bd63-59a6210c3db3}</UniqueIdentifier>
    </Filter>
    <Filter Include="Submodules\md4c">
      <UniqueIdentifier>{d0b7ffb4-1a6d-4045-832f-9c542a107526}</UniqueIdentifier>
    </Filter>
    <Filter Include="Submodules\stb">
      <UniqueIdentifier>{9b8f97e4-38e8-423a-aad8-78e88e006b33}</UniqueIdentifier>
    </Filter>
  </ItemGroup>
  <ItemGroup>
    <ClCompile Include="src\main.cpp">
      <Filter>Source Files</Filter>
    </ClCompile>
    <ClCompile Include="src\Application.cpp">
      <Filter>Source Files</Filter>
    </ClCompile>
    <ClCompile Include="src\olcPixelGameEngine.cpp">
      <Filter>Source Files</Filter>
    </ClCompile>
    <ClCompile Include="src\Serializer.cpp">
      <Filter>Source Files</Filter>
    </ClCompile>
    <ClCompile Include="src\Event.cpp">
      <Filter>Source Files</Filter>
    </ClCompile>
    <ClCompile Include="src\GUI.cpp">
      <Filter>Source Files</Filter>
    </ClCompile>
    <ClCompile Include="src\Lua.cpp">
      <Filter>Source Files</Filter>
    </ClCompile>
    <ClCompile Include="src\ConfigData.cpp">
      <Filter>Source Files</Filter>
    </ClCompile>
    <ClCompile Include="src\FSM.cpp">
      <Filter>Source Files</Filter>
    </ClCompile>
    <ClCompile Include="src\PlatformUtils.cpp">
      <Filter>Source Files</Filter>
    </ClCompile>
    <ClCompile Include="src\StateMainMenu.cpp">
      <Filter>Source Files</Filter>
    </ClCompile>
    <ClCompile Include="src\StringHashMap.cpp">
      <Filter>Source Files</Filter>
    </ClCompile>
    <ClCompile Include="src\Log.cpp">
      <Filter>Source Files</Filter>
    </ClCompile>
    <ClCompile Include="submodules\imgui_md\imgui_md.cpp">
      <Filter>Submodules\imgui_md</Filter>
    </ClCompile>
    <ClCompile Include="submodules\md4c\entity.c">
      <Filter>Submodules\md4c</Filter>
    </ClCompile>
    <ClCompile Include="submodules\md4c\md4c.c">
      <Filter>Submodules\md4c</Filter>
    </ClCompile>
    <ClCompile Include="src\Scene.cpp">
      <Filter>Source Files</Filter>
    </ClCompile>
  </ItemGroup>
  <ItemGroup>
    <ClInclude Include="src\Application.h">
      <Filter>Header Files</Filter>
    </ClInclude>
    <ClInclude Include="src\Serializer.h">
      <Filter>Header Files</Filter>
    </ClInclude>
    <ClInclude Include="submodules\olcPixelGameEngine\olcPixelGameEngine.h">
      <Filter>Submodules\olcPixelGameEngine</Filter>
    </ClInclude>
    <ClInclude Include="src\Event.h">
      <Filter>Header Files</Filter>
    </ClInclude>
    <ClInclude Include="src\GUI.h">
      <Filter>Header Files</Filter>
    </ClInclude>
    <ClInclude Include="src\Lua.h">
      <Filter>Header Files</Filter>
    </ClInclude>
    <ClInclude Include="src\ConfigData.h">
      <Filter>Header Files</Filter>
    </ClInclude>
    <ClInclude Include="src\FSM.h">
      <Filter>Header Files</Filter>
    </ClInclude>
    <ClInclude Include="src\PlatformUtils.h">
      <Filter>Header Files</Filter>
    </ClInclude>
    <ClInclude Include="src\StateMainMenu.h">
      <Filter>Header Files</Filter>
    </ClInclude>
    <ClInclude Include="src\StringHashMap.h">
      <Filter>Header Files</Filter>
    </ClInclude>
    <ClInclude Include="src\Log.h">
      <Filter>Header Files</Filter>
    </ClInclude>
    <ClInclude Include="submodules\imgui_md\imgui_md.h">
      <Filter>Submodules\imgui_md</Filter>
    </ClInclude>
    <ClInclude Include="submodules\md4c\entity.h">
      <Filter>Submodules\md4c</Filter>
    </ClInclude>
    <ClInclude Include="submodules\md4c\md4c.h">
      <Filter>Submodules\md4c</Filter>
    </ClInclude>
    <ClInclude Include="submodules\stb\stb_image.h">
      <Filter>Submodules\stb</Filter>
    </ClInclude>
    <ClInclude Include="src\Scene.h">
      <Filter>Header Files</Filter>
    </ClInclude>
  </ItemGroup>
  <ItemGroup>
    <None Include="vcpkg.json" />
  </ItemGroup>
</Project>